// !$*UTF8*$!
{
	archiveVersion = 1;
	classes = {
	};
	objectVersion = 77;
	objects = {

/* Begin PBXBuildFile section */
		D21F36CB2CA58961005CB466 /* FirebaseAnalytics in Frameworks */ = {isa = PBXBuildFile; productRef = D21F36CA2CA58961005CB466 /* FirebaseAnalytics */; };
		D21F36D12CA58961005CB466 /* FirebaseAppCheck in Frameworks */ = {isa = PBXBuildFile; productRef = D21F36D02CA58961005CB466 /* FirebaseAppCheck */; };
		D21F36D52CA58961005CB466 /* FirebaseAuth in Frameworks */ = {isa = PBXBuildFile; productRef = D21F36D42CA58961005CB466 /* FirebaseAuth */; };
		D21F36D92CA58961005CB466 /* FirebaseCrashlytics in Frameworks */ = {isa = PBXBuildFile; productRef = D21F36D82CA58961005CB466 /* FirebaseCrashlytics */; };
		D21F36DB2CA58961005CB466 /* FirebaseDatabase in Frameworks */ = {isa = PBXBuildFile; productRef = D21F36DA2CA58961005CB466 /* FirebaseDatabase */; };
		D21F36DF2CA58961005CB466 /* FirebaseFirestore in Frameworks */ = {isa = PBXBuildFile; productRef = D21F36DE2CA58961005CB466 /* FirebaseFirestore */; };
		D21F36E32CA58961005CB466 /* FirebaseFunctions in Frameworks */ = {isa = PBXBuildFile; productRef = D21F36E22CA58961005CB466 /* FirebaseFunctions */; };
		D21F36ED2CA58961005CB466 /* FirebaseMessaging in Frameworks */ = {isa = PBXBuildFile; productRef = D21F36EC2CA58961005CB466 /* FirebaseMessaging */; };
		D21F36F32CA58961005CB466 /* FirebaseStorage in Frameworks */ = {isa = PBXBuildFile; productRef = D21F36F22CA58961005CB466 /* FirebaseStorage */; };
/* End PBXBuildFile section */

/* Begin PBXContainerItemProxy section */
		D21F36AD2CA5829D005CB466 /* PBXContainerItemProxy */ = {
			isa = PBXContainerItemProxy;
			containerPortal = D21F36942CA5829C005CB466 /* Project object */;
			proxyType = 1;
			remoteGlobalIDString = D21F369B2CA5829C005CB466;
			remoteInfo = cicero;
		};
		D21F36B72CA5829D005CB466 /* PBXContainerItemProxy */ = {
			isa = PBXContainerItemProxy;
			containerPortal = D21F36942CA5829C005CB466 /* Project object */;
			proxyType = 1;
			remoteGlobalIDString = D21F369B2CA5829C005CB466;
			remoteInfo = cicero;
		};
/* End PBXContainerItemProxy section */

/* Begin PBXFileReference section */
		D21F369C2CA5829C005CB466 /* cicero.app */ = {isa = PBXFileReference; explicitFileType = wrapper.application; includeInIndex = 0; path = cicero.app; sourceTree = BUILT_PRODUCTS_DIR; };
		D21F36AC2CA5829D005CB466 /* ciceroTests.xctest */ = {isa = PBXFileReference; explicitFileType = wrapper.cfbundle; includeInIndex = 0; path = ciceroTests.xctest; sourceTree = BUILT_PRODUCTS_DIR; };
		D21F36B62CA5829D005CB466 /* ciceroUITests.xctest */ = {isa = PBXFileReference; explicitFileType = wrapper.cfbundle; includeInIndex = 0; path = ciceroUITests.xctest; sourceTree = BUILT_PRODUCTS_DIR; };
/* End PBXFileReference section */

/* Begin PBXFileSystemSynchronizedBuildFileExceptionSet section */
		D24976112CA9C8B3001F3639 /* Exceptions for "cicero" folder in "ciceroTests" target */ = {
			isa = PBXFileSystemSynchronizedBuildFileExceptionSet;
			membershipExceptions = (
				"GoogleService-Info.plist",
			);
			target = D21F36AB2CA5829D005CB466 /* ciceroTests */;
		};
		D24976122CA9C8B3001F3639 /* Exceptions for "cicero" folder in "ciceroUITests" target */ = {
			isa = PBXFileSystemSynchronizedBuildFileExceptionSet;
			membershipExceptions = (
				"GoogleService-Info.plist",
			);
			target = D21F36B52CA5829D005CB466 /* ciceroUITests */;
		};
/* End PBXFileSystemSynchronizedBuildFileExceptionSet section */

/* Begin PBXFileSystemSynchronizedRootGroup section */
		D21F369E2CA5829C005CB466 /* cicero */ = {
			isa = PBXFileSystemSynchronizedRootGroup;
			exceptions = (
				D24976112CA9C8B3001F3639 /* Exceptions for "cicero" folder in "ciceroTests" target */,
				D24976122CA9C8B3001F3639 /* Exceptions for "cicero" folder in "ciceroUITests" target */,
			);
			path = cicero;
			sourceTree = "<group>";
		};
		D21F36AF2CA5829D005CB466 /* ciceroTests */ = {
			isa = PBXFileSystemSynchronizedRootGroup;
			path = ciceroTests;
			sourceTree = "<group>";
		};
		D21F36B92CA5829D005CB466 /* ciceroUITests */ = {
			isa = PBXFileSystemSynchronizedRootGroup;
			path = ciceroUITests;
			sourceTree = "<group>";
		};
/* End PBXFileSystemSynchronizedRootGroup section */

/* Begin PBXFrameworksBuildPhase section */
		D21F36992CA5829C005CB466 /* Frameworks */ = {
			isa = PBXFrameworksBuildPhase;
			buildActionMask = 2147483647;
			files = (
				D21F36ED2CA58961005CB466 /* FirebaseMessaging in Frameworks */,
				D21F36D12CA58961005CB466 /* FirebaseAppCheck in Frameworks */,
				D21F36D52CA58961005CB466 /* FirebaseAuth in Frameworks */,
				D21F36CB2CA58961005CB466 /* FirebaseAnalytics in Frameworks */,
				D21F36D92CA58961005CB466 /* FirebaseCrashlytics in Frameworks */,
				D21F36DB2CA58961005CB466 /* FirebaseDatabase in Frameworks */,
				D21F36F32CA58961005CB466 /* FirebaseStorage in Frameworks */,
				D21F36E32CA58961005CB466 /* FirebaseFunctions in Frameworks */,
				D21F36DF2CA58961005CB466 /* FirebaseFirestore in Frameworks */,
			);
			runOnlyForDeploymentPostprocessing = 0;
		};
		D21F36A92CA5829D005CB466 /* Frameworks */ = {
			isa = PBXFrameworksBuildPhase;
			buildActionMask = 2147483647;
			files = (
			);
			runOnlyForDeploymentPostprocessing = 0;
		};
		D21F36B32CA5829D005CB466 /* Frameworks */ = {
			isa = PBXFrameworksBuildPhase;
			buildActionMask = 2147483647;
			files = (
			);
			runOnlyForDeploymentPostprocessing = 0;
		};
/* End PBXFrameworksBuildPhase section */

/* Begin PBXGroup section */
		D21F36932CA5829C005CB466 = {
			isa = PBXGroup;
			children = (
				D21F369E2CA5829C005CB466 /* cicero */,
				D21F36AF2CA5829D005CB466 /* ciceroTests */,
				D21F36B92CA5829D005CB466 /* ciceroUITests */,
				D21F369D2CA5829C005CB466 /* Products */,
			);
			sourceTree = "<group>";
		};
		D21F369D2CA5829C005CB466 /* Products */ = {
			isa = PBXGroup;
			children = (
				D21F369C2CA5829C005CB466 /* cicero.app */,
				D21F36AC2CA5829D005CB466 /* ciceroTests.xctest */,
				D21F36B62CA5829D005CB466 /* ciceroUITests.xctest */,
			);
			name = Products;
			sourceTree = "<group>";
		};
/* End PBXGroup section */

/* Begin PBXNativeTarget section */
		D21F369B2CA5829C005CB466 /* cicero */ = {
			isa = PBXNativeTarget;
			buildConfigurationList = D21F36C02CA5829D005CB466 /* Build configuration list for PBXNativeTarget "cicero" */;
			buildPhases = (
				D21F36982CA5829C005CB466 /* Sources */,
				D21F36992CA5829C005CB466 /* Frameworks */,
				D21F369A2CA5829C005CB466 /* Resources */,
			);
			buildRules = (
			);
			dependencies = (
			);
			fileSystemSynchronizedGroups = (
				D21F369E2CA5829C005CB466 /* cicero */,
			);
			name = cicero;
			packageProductDependencies = (
				D21F36CA2CA58961005CB466 /* FirebaseAnalytics */,
				D21F36D02CA58961005CB466 /* FirebaseAppCheck */,
				D21F36D42CA58961005CB466 /* FirebaseAuth */,
				D21F36D82CA58961005CB466 /* FirebaseCrashlytics */,
				D21F36DA2CA58961005CB466 /* FirebaseDatabase */,
				D21F36DE2CA58961005CB466 /* FirebaseFirestore */,
				D21F36E22CA58961005CB466 /* FirebaseFunctions */,
				D21F36EC2CA58961005CB466 /* FirebaseMessaging */,
				D21F36F22CA58961005CB466 /* FirebaseStorage */,
			);
			productName = cicero;
			productReference = D21F369C2CA5829C005CB466 /* cicero.app */;
			productType = "com.apple.product-type.application";
		};
		D21F36AB2CA5829D005CB466 /* ciceroTests */ = {
			isa = PBXNativeTarget;
			buildConfigurationList = D21F36C32CA5829D005CB466 /* Build configuration list for PBXNativeTarget "ciceroTests" */;
			buildPhases = (
				D21F36A82CA5829D005CB466 /* Sources */,
				D21F36A92CA5829D005CB466 /* Frameworks */,
				D21F36AA2CA5829D005CB466 /* Resources */,
			);
			buildRules = (
			);
			dependencies = (
				D21F36AE2CA5829D005CB466 /* PBXTargetDependency */,
			);
			fileSystemSynchronizedGroups = (
				D21F36AF2CA5829D005CB466 /* ciceroTests */,
			);
			name = ciceroTests;
			packageProductDependencies = (
			);
			productName = ciceroTests;
			productReference = D21F36AC2CA5829D005CB466 /* ciceroTests.xctest */;
			productType = "com.apple.product-type.bundle.unit-test";
		};
		D21F36B52CA5829D005CB466 /* ciceroUITests */ = {
			isa = PBXNativeTarget;
			buildConfigurationList = D21F36C62CA5829D005CB466 /* Build configuration list for PBXNativeTarget "ciceroUITests" */;
			buildPhases = (
				D21F36B22CA5829D005CB466 /* Sources */,
				D21F36B32CA5829D005CB466 /* Frameworks */,
				D21F36B42CA5829D005CB466 /* Resources */,
			);
			buildRules = (
			);
			dependencies = (
				D21F36B82CA5829D005CB466 /* PBXTargetDependency */,
			);
			fileSystemSynchronizedGroups = (
				D21F36B92CA5829D005CB466 /* ciceroUITests */,
			);
			name = ciceroUITests;
			packageProductDependencies = (
			);
			productName = ciceroUITests;
			productReference = D21F36B62CA5829D005CB466 /* ciceroUITests.xctest */;
			productType = "com.apple.product-type.bundle.ui-testing";
		};
/* End PBXNativeTarget section */

/* Begin PBXProject section */
		D21F36942CA5829C005CB466 /* Project object */ = {
			isa = PBXProject;
			attributes = {
				BuildIndependentTargetsInParallel = 1;
				LastSwiftUpdateCheck = 1600;
				LastUpgradeCheck = 1600;
				TargetAttributes = {
					D21F369B2CA5829C005CB466 = {
						CreatedOnToolsVersion = 16.0;
					};
					D21F36AB2CA5829D005CB466 = {
						CreatedOnToolsVersion = 16.0;
						TestTargetID = D21F369B2CA5829C005CB466;
					};
					D21F36B52CA5829D005CB466 = {
						CreatedOnToolsVersion = 16.0;
						TestTargetID = D21F369B2CA5829C005CB466;
					};
				};
			};
			buildConfigurationList = D21F36972CA5829C005CB466 /* Build configuration list for PBXProject "cicero" */;
			developmentRegion = en;
			hasScannedForEncodings = 0;
			knownRegions = (
				en,
				Base,
			);
			mainGroup = D21F36932CA5829C005CB466;
			minimizedProjectReferenceProxies = 1;
			packageReferences = (
				D21F36C92CA58961005CB466 /* XCRemoteSwiftPackageReference "firebase-ios-sdk" */,
			);
			preferredProjectObjectVersion = 77;
			productRefGroup = D21F369D2CA5829C005CB466 /* Products */;
			projectDirPath = "";
			projectRoot = "";
			targets = (
				D21F369B2CA5829C005CB466 /* cicero */,
				D21F36AB2CA5829D005CB466 /* ciceroTests */,
				D21F36B52CA5829D005CB466 /* ciceroUITests */,
			);
		};
/* End PBXProject section */

/* Begin PBXResourcesBuildPhase section */
		D21F369A2CA5829C005CB466 /* Resources */ = {
			isa = PBXResourcesBuildPhase;
			buildActionMask = 2147483647;
			files = (
			);
			runOnlyForDeploymentPostprocessing = 0;
		};
		D21F36AA2CA5829D005CB466 /* Resources */ = {
			isa = PBXResourcesBuildPhase;
			buildActionMask = 2147483647;
			files = (
			);
			runOnlyForDeploymentPostprocessing = 0;
		};
		D21F36B42CA5829D005CB466 /* Resources */ = {
			isa = PBXResourcesBuildPhase;
			buildActionMask = 2147483647;
			files = (
			);
			runOnlyForDeploymentPostprocessing = 0;
		};
/* End PBXResourcesBuildPhase section */

/* Begin PBXSourcesBuildPhase section */
		D21F36982CA5829C005CB466 /* Sources */ = {
			isa = PBXSourcesBuildPhase;
			buildActionMask = 2147483647;
			files = (
			);
			runOnlyForDeploymentPostprocessing = 0;
		};
		D21F36A82CA5829D005CB466 /* Sources */ = {
			isa = PBXSourcesBuildPhase;
			buildActionMask = 2147483647;
			files = (
			);
			runOnlyForDeploymentPostprocessing = 0;
		};
		D21F36B22CA5829D005CB466 /* Sources */ = {
			isa = PBXSourcesBuildPhase;
			buildActionMask = 2147483647;
			files = (
			);
			runOnlyForDeploymentPostprocessing = 0;
		};
/* End PBXSourcesBuildPhase section */

/* Begin PBXTargetDependency section */
		D21F36AE2CA5829D005CB466 /* PBXTargetDependency */ = {
			isa = PBXTargetDependency;
			target = D21F369B2CA5829C005CB466 /* cicero */;
			targetProxy = D21F36AD2CA5829D005CB466 /* PBXContainerItemProxy */;
		};
		D21F36B82CA5829D005CB466 /* PBXTargetDependency */ = {
			isa = PBXTargetDependency;
			target = D21F369B2CA5829C005CB466 /* cicero */;
			targetProxy = D21F36B72CA5829D005CB466 /* PBXContainerItemProxy */;
		};
/* End PBXTargetDependency section */

/* Begin XCBuildConfiguration section */
		D21F36BE2CA5829D005CB466 /* Debug */ = {
			isa = XCBuildConfiguration;
			buildSettings = {
				ALWAYS_SEARCH_USER_PATHS = NO;
				ASSETCATALOG_COMPILER_GENERATE_SWIFT_ASSET_SYMBOL_EXTENSIONS = YES;
				CLANG_ANALYZER_NONNULL = YES;
				CLANG_ANALYZER_NUMBER_OBJECT_CONVERSION = YES_AGGRESSIVE;
				CLANG_CXX_LANGUAGE_STANDARD = "gnu++20";
				CLANG_ENABLE_MODULES = YES;
				CLANG_ENABLE_OBJC_ARC = YES;
				CLANG_ENABLE_OBJC_WEAK = YES;
				CLANG_WARN_BLOCK_CAPTURE_AUTORELEASING = YES;
				CLANG_WARN_BOOL_CONVERSION = YES;
				CLANG_WARN_COMMA = YES;
				CLANG_WARN_CONSTANT_CONVERSION = YES;
				CLANG_WARN_DEPRECATED_OBJC_IMPLEMENTATIONS = YES;
				CLANG_WARN_DIRECT_OBJC_ISA_USAGE = YES_ERROR;
				CLANG_WARN_DOCUMENTATION_COMMENTS = YES;
				CLANG_WARN_EMPTY_BODY = YES;
				CLANG_WARN_ENUM_CONVERSION = YES;
				CLANG_WARN_INFINITE_RECURSION = YES;
				CLANG_WARN_INT_CONVERSION = YES;
				CLANG_WARN_NON_LITERAL_NULL_CONVERSION = YES;
				CLANG_WARN_OBJC_IMPLICIT_RETAIN_SELF = YES;
				CLANG_WARN_OBJC_LITERAL_CONVERSION = YES;
				CLANG_WARN_OBJC_ROOT_CLASS = YES_ERROR;
				CLANG_WARN_QUOTED_INCLUDE_IN_FRAMEWORK_HEADER = YES;
				CLANG_WARN_RANGE_LOOP_ANALYSIS = YES;
				CLANG_WARN_STRICT_PROTOTYPES = YES;
				CLANG_WARN_SUSPICIOUS_MOVE = YES;
				CLANG_WARN_UNGUARDED_AVAILABILITY = YES_AGGRESSIVE;
				CLANG_WARN_UNREACHABLE_CODE = YES;
				CLANG_WARN__DUPLICATE_METHOD_MATCH = YES;
				COPY_PHASE_STRIP = NO;
				DEBUG_INFORMATION_FORMAT = dwarf;
				ENABLE_STRICT_OBJC_MSGSEND = YES;
				ENABLE_TESTABILITY = YES;
				ENABLE_USER_SCRIPT_SANDBOXING = YES;
				GCC_C_LANGUAGE_STANDARD = gnu17;
				GCC_DYNAMIC_NO_PIC = NO;
				GCC_NO_COMMON_BLOCKS = YES;
				GCC_OPTIMIZATION_LEVEL = 0;
				GCC_PREPROCESSOR_DEFINITIONS = (
					"DEBUG=1",
					"$(inherited)",
				);
				GCC_WARN_64_TO_32_BIT_CONVERSION = YES;
				GCC_WARN_ABOUT_RETURN_TYPE = YES_ERROR;
				GCC_WARN_UNDECLARED_SELECTOR = YES;
				GCC_WARN_UNINITIALIZED_AUTOS = YES_AGGRESSIVE;
				GCC_WARN_UNUSED_FUNCTION = YES;
				GCC_WARN_UNUSED_VARIABLE = YES;
				IPHONEOS_DEPLOYMENT_TARGET = 18.0;
				LOCALIZATION_PREFERS_STRING_CATALOGS = YES;
				MTL_ENABLE_DEBUG_INFO = INCLUDE_SOURCE;
				MTL_FAST_MATH = YES;
				ONLY_ACTIVE_ARCH = YES;
				SDKROOT = iphoneos;
				SWIFT_ACTIVE_COMPILATION_CONDITIONS = "DEBUG $(inherited)";
				SWIFT_OPTIMIZATION_LEVEL = "-Onone";
			};
			name = Debug;
		};
		D21F36BF2CA5829D005CB466 /* Release */ = {
			isa = XCBuildConfiguration;
			buildSettings = {
				ALWAYS_SEARCH_USER_PATHS = NO;
				ASSETCATALOG_COMPILER_GENERATE_SWIFT_ASSET_SYMBOL_EXTENSIONS = YES;
				CLANG_ANALYZER_NONNULL = YES;
				CLANG_ANALYZER_NUMBER_OBJECT_CONVERSION = YES_AGGRESSIVE;
				CLANG_CXX_LANGUAGE_STANDARD = "gnu++20";
				CLANG_ENABLE_MODULES = YES;
				CLANG_ENABLE_OBJC_ARC = YES;
				CLANG_ENABLE_OBJC_WEAK = YES;
				CLANG_WARN_BLOCK_CAPTURE_AUTORELEASING = YES;
				CLANG_WARN_BOOL_CONVERSION = YES;
				CLANG_WARN_COMMA = YES;
				CLANG_WARN_CONSTANT_CONVERSION = YES;
				CLANG_WARN_DEPRECATED_OBJC_IMPLEMENTATIONS = YES;
				CLANG_WARN_DIRECT_OBJC_ISA_USAGE = YES_ERROR;
				CLANG_WARN_DOCUMENTATION_COMMENTS = YES;
				CLANG_WARN_EMPTY_BODY = YES;
				CLANG_WARN_ENUM_CONVERSION = YES;
				CLANG_WARN_INFINITE_RECURSION = YES;
				CLANG_WARN_INT_CONVERSION = YES;
				CLANG_WARN_NON_LITERAL_NULL_CONVERSION = YES;
				CLANG_WARN_OBJC_IMPLICIT_RETAIN_SELF = YES;
				CLANG_WARN_OBJC_LITERAL_CONVERSION = YES;
				CLANG_WARN_OBJC_ROOT_CLASS = YES_ERROR;
				CLANG_WARN_QUOTED_INCLUDE_IN_FRAMEWORK_HEADER = YES;
				CLANG_WARN_RANGE_LOOP_ANALYSIS = YES;
				CLANG_WARN_STRICT_PROTOTYPES = YES;
				CLANG_WARN_SUSPICIOUS_MOVE = YES;
				CLANG_WARN_UNGUARDED_AVAILABILITY = YES_AGGRESSIVE;
				CLANG_WARN_UNREACHABLE_CODE = YES;
				CLANG_WARN__DUPLICATE_METHOD_MATCH = YES;
				COPY_PHASE_STRIP = NO;
				DEBUG_INFORMATION_FORMAT = "dwarf-with-dsym";
				ENABLE_NS_ASSERTIONS = NO;
				ENABLE_STRICT_OBJC_MSGSEND = YES;
				ENABLE_USER_SCRIPT_SANDBOXING = YES;
				GCC_C_LANGUAGE_STANDARD = gnu17;
				GCC_NO_COMMON_BLOCKS = YES;
				GCC_WARN_64_TO_32_BIT_CONVERSION = YES;
				GCC_WARN_ABOUT_RETURN_TYPE = YES_ERROR;
				GCC_WARN_UNDECLARED_SELECTOR = YES;
				GCC_WARN_UNINITIALIZED_AUTOS = YES_AGGRESSIVE;
				GCC_WARN_UNUSED_FUNCTION = YES;
				GCC_WARN_UNUSED_VARIABLE = YES;
				IPHONEOS_DEPLOYMENT_TARGET = 18.0;
				LOCALIZATION_PREFERS_STRING_CATALOGS = YES;
				MTL_ENABLE_DEBUG_INFO = NO;
				MTL_FAST_MATH = YES;
				SDKROOT = iphoneos;
				SWIFT_COMPILATION_MODE = wholemodule;
				VALIDATE_PRODUCT = YES;
			};
			name = Release;
		};
		D21F36C12CA5829D005CB466 /* Debug */ = {
			isa = XCBuildConfiguration;
			buildSettings = {
				ASSETCATALOG_COMPILER_APPICON_NAME = AppIcon;
				ASSETCATALOG_COMPILER_GLOBAL_ACCENT_COLOR_NAME = AccentColor;
				CODE_SIGN_STYLE = Automatic;
				CURRENT_PROJECT_VERSION = 1;
				DEVELOPMENT_ASSET_PATHS = "\"cicero/Preview Content\"";
				DEVELOPMENT_TEAM = V68FXKN5PT;
				ENABLE_PREVIEWS = YES;
				GENERATE_INFOPLIST_FILE = YES;
				INFOPLIST_KEY_UIApplicationSceneManifest_Generation = YES;
				INFOPLIST_KEY_UIApplicationSupportsIndirectInputEvents = YES;
				INFOPLIST_KEY_UILaunchScreen_Generation = YES;
				INFOPLIST_KEY_UISupportedInterfaceOrientations_iPad = "UIInterfaceOrientationPortrait UIInterfaceOrientationPortraitUpsideDown UIInterfaceOrientationLandscapeLeft UIInterfaceOrientationLandscapeRight";
				INFOPLIST_KEY_UISupportedInterfaceOrientations_iPhone = "UIInterfaceOrientationPortrait UIInterfaceOrientationLandscapeLeft UIInterfaceOrientationLandscapeRight";
				IPHONEOS_DEPLOYMENT_TARGET = 16.0;
				LD_RUNPATH_SEARCH_PATHS = (
					"$(inherited)",
					"@executable_path/Frameworks",
				);
				MARKETING_VERSION = 1.0;
				PRODUCT_BUNDLE_IDENTIFIER = com.ryansandvik.cicero;
				PRODUCT_NAME = "$(TARGET_NAME)";
				SWIFT_EMIT_LOC_STRINGS = YES;
				SWIFT_VERSION = 5.0;
				TARGETED_DEVICE_FAMILY = "1,2";
			};
			name = Debug;
		};
		D21F36C22CA5829D005CB466 /* Release */ = {
			isa = XCBuildConfiguration;
			buildSettings = {
				ASSETCATALOG_COMPILER_APPICON_NAME = AppIcon;
				ASSETCATALOG_COMPILER_GLOBAL_ACCENT_COLOR_NAME = AccentColor;
				CODE_SIGN_STYLE = Automatic;
				CURRENT_PROJECT_VERSION = 1;
				DEVELOPMENT_ASSET_PATHS = "\"cicero/Preview Content\"";
				DEVELOPMENT_TEAM = V68FXKN5PT;
				ENABLE_PREVIEWS = YES;
				GENERATE_INFOPLIST_FILE = YES;
				INFOPLIST_KEY_UIApplicationSceneManifest_Generation = YES;
				INFOPLIST_KEY_UIApplicationSupportsIndirectInputEvents = YES;
				INFOPLIST_KEY_UILaunchScreen_Generation = YES;
				INFOPLIST_KEY_UISupportedInterfaceOrientations_iPad = "UIInterfaceOrientationPortrait UIInterfaceOrientationPortraitUpsideDown UIInterfaceOrientationLandscapeLeft UIInterfaceOrientationLandscapeRight";
				INFOPLIST_KEY_UISupportedInterfaceOrientations_iPhone = "UIInterfaceOrientationPortrait UIInterfaceOrientationLandscapeLeft UIInterfaceOrientationLandscapeRight";
				IPHONEOS_DEPLOYMENT_TARGET = 16.0;
				LD_RUNPATH_SEARCH_PATHS = (
					"$(inherited)",
					"@executable_path/Frameworks",
				);
				MARKETING_VERSION = 1.0;
				PRODUCT_BUNDLE_IDENTIFIER = com.ryansandvik.cicero;
				PRODUCT_NAME = "$(TARGET_NAME)";
				SWIFT_EMIT_LOC_STRINGS = YES;
				SWIFT_VERSION = 5.0;
				TARGETED_DEVICE_FAMILY = "1,2";
			};
			name = Release;
		};
		D21F36C42CA5829D005CB466 /* Debug */ = {
			isa = XCBuildConfiguration;
			buildSettings = {
				BUNDLE_LOADER = "$(TEST_HOST)";
				"CODE_SIGN_IDENTITY[sdk=macosx*]" = "Apple Development";
				CODE_SIGN_STYLE = Automatic;
				CURRENT_PROJECT_VERSION = 1;
				DEVELOPMENT_TEAM = V68FXKN5PT;
				GENERATE_INFOPLIST_FILE = YES;
				IPHONEOS_DEPLOYMENT_TARGET = 18.0;
				MARKETING_VERSION = 1.0;
				PRODUCT_BUNDLE_IDENTIFIER = com.ryansandvik.ciceroTests;
				PRODUCT_NAME = "$(TARGET_NAME)";
				SWIFT_EMIT_LOC_STRINGS = NO;
				SWIFT_VERSION = 5.0;
				TARGETED_DEVICE_FAMILY = "1,2";
				TEST_HOST = "$(BUILT_PRODUCTS_DIR)/cicero.app/$(BUNDLE_EXECUTABLE_FOLDER_PATH)/cicero";
			};
			name = Debug;
		};
		D21F36C52CA5829D005CB466 /* Release */ = {
			isa = XCBuildConfiguration;
			buildSettings = {
				BUNDLE_LOADER = "$(TEST_HOST)";
				"CODE_SIGN_IDENTITY[sdk=macosx*]" = "Apple Development";
				CODE_SIGN_STYLE = Automatic;
				CURRENT_PROJECT_VERSION = 1;
				DEVELOPMENT_TEAM = V68FXKN5PT;
				GENERATE_INFOPLIST_FILE = YES;
				IPHONEOS_DEPLOYMENT_TARGET = 18.0;
				MARKETING_VERSION = 1.0;
				PRODUCT_BUNDLE_IDENTIFIER = com.ryansandvik.ciceroTests;
				PRODUCT_NAME = "$(TARGET_NAME)";
				SWIFT_EMIT_LOC_STRINGS = NO;
				SWIFT_VERSION = 5.0;
				TARGETED_DEVICE_FAMILY = "1,2";
				TEST_HOST = "$(BUILT_PRODUCTS_DIR)/cicero.app/$(BUNDLE_EXECUTABLE_FOLDER_PATH)/cicero";
			};
			name = Release;
		};
		D21F36C72CA5829D005CB466 /* Debug */ = {
			isa = XCBuildConfiguration;
			buildSettings = {
				CODE_SIGN_STYLE = Automatic;
				CURRENT_PROJECT_VERSION = 1;
				DEVELOPMENT_TEAM = V68FXKN5PT;
				GENERATE_INFOPLIST_FILE = YES;
				MARKETING_VERSION = 1.0;
				PRODUCT_BUNDLE_IDENTIFIER = com.ryansandvik.ciceroUITests;
				PRODUCT_NAME = "$(TARGET_NAME)";
				SWIFT_EMIT_LOC_STRINGS = NO;
				SWIFT_VERSION = 5.0;
				TARGETED_DEVICE_FAMILY = "1,2";
				TEST_TARGET_NAME = cicero;
			};
			name = Debug;
		};
		D21F36C82CA5829D005CB466 /* Release */ = {
			isa = XCBuildConfiguration;
			buildSettings = {
				CODE_SIGN_STYLE = Automatic;
				CURRENT_PROJECT_VERSION = 1;
				DEVELOPMENT_TEAM = V68FXKN5PT;
				GENERATE_INFOPLIST_FILE = YES;
				MARKETING_VERSION = 1.0;
				PRODUCT_BUNDLE_IDENTIFIER = com.ryansandvik.ciceroUITests;
				PRODUCT_NAME = "$(TARGET_NAME)";
				SWIFT_EMIT_LOC_STRINGS = NO;
				SWIFT_VERSION = 5.0;
				TARGETED_DEVICE_FAMILY = "1,2";
				TEST_TARGET_NAME = cicero;
			};
			name = Release;
		};
/* End XCBuildConfiguration section */

/* Begin XCConfigurationList section */
		D21F36972CA5829C005CB466 /* Build configuration list for PBXProject "cicero" */ = {
			isa = XCConfigurationList;
			buildConfigurations = (
				D21F36BE2CA5829D005CB466 /* Debug */,
				D21F36BF2CA5829D005CB466 /* Release */,
			);
			defaultConfigurationIsVisible = 0;
			defaultConfigurationName = Release;
		};
		D21F36C02CA5829D005CB466 /* Build configuration list for PBXNativeTarget "cicero" */ = {
			isa = XCConfigurationList;
			buildConfigurations = (
				D21F36C12CA5829D005CB466 /* Debug */,
				D21F36C22CA5829D005CB466 /* Release */,
			);
			defaultConfigurationIsVisible = 0;
			defaultConfigurationName = Release;
		};
		D21F36C32CA5829D005CB466 /* Build configuration list for PBXNativeTarget "ciceroTests" */ = {
			isa = XCConfigurationList;
			buildConfigurations = (
				D21F36C42CA5829D005CB466 /* Debug */,
				D21F36C52CA5829D005CB466 /* Release */,
			);
			defaultConfigurationIsVisible = 0;
			defaultConfigurationName = Release;
		};
		D21F36C62CA5829D005CB466 /* Build configuration list for PBXNativeTarget "ciceroUITests" */ = {
			isa = XCConfigurationList;
			buildConfigurations = (
				D21F36C72CA5829D005CB466 /* Debug */,
				D21F36C82CA5829D005CB466 /* Release */,
			);
			defaultConfigurationIsVisible = 0;
			defaultConfigurationName = Release;
		};
/* End XCConfigurationList section */

/* Begin XCRemoteSwiftPackageReference section */
		D21F36C92CA58961005CB466 /* XCRemoteSwiftPackageReference "firebase-ios-sdk" */ = {
			isa = XCRemoteSwiftPackageReference;
			repositoryURL = "https://github.com/firebase/firebase-ios-sdk";
			requirement = {
				kind = upToNextMajorVersion;
				minimumVersion = 11.2.0;
			};
		};
/* End XCRemoteSwiftPackageReference section */

/* Begin XCSwiftPackageProductDependency section */
		D21F36CA2CA58961005CB466 /* FirebaseAnalytics */ = {
			isa = XCSwiftPackageProductDependency;
			package = D21F36C92CA58961005CB466 /* XCRemoteSwiftPackageReference "firebase-ios-sdk" */;
			productName = FirebaseAnalytics;
		};
		D21F36D02CA58961005CB466 /* FirebaseAppCheck */ = {
			isa = XCSwiftPackageProductDependency;
			package = D21F36C92CA58961005CB466 /* XCRemoteSwiftPackageReference "firebase-ios-sdk" */;
			productName = FirebaseAppCheck;
		};
		D21F36D42CA58961005CB466 /* FirebaseAuth */ = {
			isa = XCSwiftPackageProductDependency;
			package = D21F36C92CA58961005CB466 /* XCRemoteSwiftPackageReference "firebase-ios-sdk" */;
			productName = FirebaseAuth;
		};
		D21F36D82CA58961005CB466 /* FirebaseCrashlytics */ = {
			isa = XCSwiftPackageProductDependency;
			package = D21F36C92CA58961005CB466 /* XCRemoteSwiftPackageReference "firebase-ios-sdk" */;
			productName = FirebaseCrashlytics;
		};
		D21F36DA2CA58961005CB466 /* FirebaseDatabase */ = {
			isa = XCSwiftPackageProductDependency;
			package = D21F36C92CA58961005CB466 /* XCRemoteSwiftPackageReference "firebase-ios-sdk" */;
			productName = FirebaseDatabase;
		};
		D21F36DE2CA58961005CB466 /* FirebaseFirestore */ = {
			isa = XCSwiftPackageProductDependency;
			package = D21F36C92CA58961005CB466 /* XCRemoteSwiftPackageReference "firebase-ios-sdk" */;
			productName = FirebaseFirestore;
		};
		D21F36E22CA58961005CB466 /* FirebaseFunctions */ = {
			isa = XCSwiftPackageProductDependency;
			package = D21F36C92CA58961005CB466 /* XCRemoteSwiftPackageReference "firebase-ios-sdk" */;
			productName = FirebaseFunctions;
		};
		D21F36EC2CA58961005CB466 /* FirebaseMessaging */ = {
			isa = XCSwiftPackageProductDependency;
			package = D21F36C92CA58961005CB466 /* XCRemoteSwiftPackageReference "firebase-ios-sdk" */;
			productName = FirebaseMessaging;
		};
		D21F36F22CA58961005CB466 /* FirebaseStorage */ = {
			isa = XCSwiftPackageProductDependency;
			package = D21F36C92CA58961005CB466 /* XCRemoteSwiftPackageReference "firebase-ios-sdk" */;
			productName = FirebaseStorage;
		};
/* End XCSwiftPackageProductDependency section */
	};
	rootObject = D21F36942CA5829C005CB466 /* Project object */;
}
